
Microsoft Visual Studio Solution File, Format Version 12.00
# Visual Studio Version 17
VisualStudioVersion = 17.6.33723.286
MinimumVisualStudioVersion = 10.0.40219.1
Project("{FAE04EC0-301F-11D3-BF4B-00C04F79EFBC}") = "FlightAPI", "FlightAPI.csproj", "{FB9DB76D-0865-4DC5-8D01-274D2C3D182A}"
EndProject
Project("{2150E333-8FDC-42A3-9474-1A3956D46DE8}") = "API", "API", "{AF6766B2-CCE6-470A-800D-17DC019ECF79}"
EndProject
Project("{2150E333-8FDC-42A3-9474-1A3956D46DE8}") = "Business", "Business", "{A7163BBA-B172-41CC-A94A-8587093558AA}"
EndProject
Project("{FAE04EC0-301F-11D3-BF4B-00C04F79EFBC}") = "Service", "..\Service\Service.csproj", "{BF32371E-99CB-49C6-ADE8-5678AE026476}"
EndProject
Project("{2150E333-8FDC-42A3-9474-1A3956D46DE8}") = "Common", "Common", "{F48B5F47-6AE9-45E7-A93D-EEA53360ED99}"
EndProject
Project("{FAE04EC0-301F-11D3-BF4B-00C04F79EFBC}") = "Entities", "..\Entities\Entities.csproj", "{B5DE5BCC-301D-4B86-9872-74052CF911C0}"
EndProject
Project("{FAE04EC0-301F-11D3-BF4B-00C04F79EFBC}") = "Exceptions", "..\Exceptions\Exceptions.csproj", "{E9CC0871-B62F-4EAD-B369-9AF388274BEA}"
EndProject
Project("{2150E333-8FDC-42A3-9474-1A3956D46DE8}") = "DataAccess", "DataAccess", "{C22C35CD-6171-41DC-9108-8F3D7152491D}"
EndProject
Project("{FAE04EC0-301F-11D3-BF4B-00C04F79EFBC}") = "DAL", "..\DAL\DAL.csproj", "{EEC23BEB-E8CA-483F-894E-22B202E99BE0}"
EndProject
Global
	GlobalSection(SolutionConfigurationPlatforms) = preSolution
		Debug|Any CPU = Debug|Any CPU
		Release|Any CPU = Release|Any CPU
	EndGlobalSection
	GlobalSection(ProjectConfigurationPlatforms) = postSolution
		{FB9DB76D-0865-4DC5-8D01-274D2C3D182A}.Debug|Any CPU.ActiveCfg = Debug|Any CPU
		{FB9DB76D-0865-4DC5-8D01-274D2C3D182A}.Debug|Any CPU.Build.0 = Debug|Any CPU
		{FB9DB76D-0865-4DC5-8D01-274D2C3D182A}.Release|Any CPU.ActiveCfg = Release|Any CPU
		{FB9DB76D-0865-4DC5-8D01-274D2C3D182A}.Release|Any CPU.Build.0 = Release|Any CPU
		{BF32371E-99CB-49C6-ADE8-5678AE026476}.Debug|Any CPU.ActiveCfg = Debug|Any CPU
		{BF32371E-99CB-49C6-ADE8-5678AE026476}.Debug|Any CPU.Build.0 = Debug|Any CPU
		{BF32371E-99CB-49C6-ADE8-5678AE026476}.Release|Any CPU.ActiveCfg = Release|Any CPU
		{BF32371E-99CB-49C6-ADE8-5678AE026476}.Release|Any CPU.Build.0 = Release|Any CPU
		{B5DE5BCC-301D-4B86-9872-74052CF911C0}.Debug|Any CPU.ActiveCfg = Debug|Any CPU
		{B5DE5BCC-301D-4B86-9872-74052CF911C0}.Debug|Any CPU.Build.0 = Debug|Any CPU
		{B5DE5BCC-301D-4B86-9872-74052CF911C0}.Release|Any CPU.ActiveCfg = Release|Any CPU
		{B5DE5BCC-301D-4B86-9872-74052CF911C0}.Release|Any CPU.Build.0 = Release|Any CPU
		{E9CC0871-B62F-4EAD-B369-9AF388274BEA}.Debug|Any CPU.ActiveCfg = Debug|Any CPU
		{E9CC0871-B62F-4EAD-B369-9AF388274BEA}.Debug|Any CPU.Build.0 = Debug|Any CPU
		{E9CC0871-B62F-4EAD-B369-9AF388274BEA}.Release|Any CPU.ActiveCfg = Release|Any CPU
		{E9CC0871-B62F-4EAD-B369-9AF388274BEA}.Release|Any CPU.Build.0 = Release|Any CPU
		{EEC23BEB-E8CA-483F-894E-22B202E99BE0}.Debug|Any CPU.ActiveCfg = Debug|Any CPU
		{EEC23BEB-E8CA-483F-894E-22B202E99BE0}.Debug|Any CPU.Build.0 = Debug|Any CPU
		{EEC23BEB-E8CA-483F-894E-22B202E99BE0}.Release|Any CPU.ActiveCfg = Release|Any CPU
		{EEC23BEB-E8CA-483F-894E-22B202E99BE0}.Release|Any CPU.Build.0 = Release|Any CPU
	EndGlobalSection
	GlobalSection(SolutionProperties) = preSolution
		HideSolutionNode = FALSE
	EndGlobalSection
	GlobalSection(NestedProjects) = preSolution
		{FB9DB76D-0865-4DC5-8D01-274D2C3D182A} = {AF6766B2-CCE6-470A-800D-17DC019ECF79}
		{BF32371E-99CB-49C6-ADE8-5678AE026476} = {A7163BBA-B172-41CC-A94A-8587093558AA}
		{B5DE5BCC-301D-4B86-9872-74052CF911C0} = {F48B5F47-6AE9-45E7-A93D-EEA53360ED99}
		{E9CC0871-B62F-4EAD-B369-9AF388274BEA} = {F48B5F47-6AE9-45E7-A93D-EEA53360ED99}
		{EEC23BEB-E8CA-483F-894E-22B202E99BE0} = {C22C35CD-6171-41DC-9108-8F3D7152491D}
	EndGlobalSection
	GlobalSection(ExtensibilityGlobals) = postSolution
		SolutionGuid = {845A2057-B1DD-4933-A410-EA8FE5DE5E4F}
	EndGlobalSection
EndGlobal
